
Microsoft Visual Studio Solution File, Format Version 12.00
# Visual Studio 15
VisualStudioVersion = 15.0.28010.2048
MinimumVisualStudioVersion = 10.0.40219.1
Project("{262852C6-CD72-467D-83FE-5EEB1973A190}") = "BlankCordovaApp1", "BlankCordovaApp1\BlankCordovaApp1.jsproj", "{ABAEBB66-70A6-47BE-9892-BA5A6DBD1EBE}"
EndProject
Global
	GlobalSection(SolutionConfigurationPlatforms) = preSolution
		Debug|Android = Debug|Android
		Debug|iOS = Debug|iOS
		Debug|Windows-ARM = Debug|Windows-ARM
		Debug|Windows-x64 = Debug|Windows-x64
		Debug|Windows-x86 = Debug|Windows-x86
		Release|Android = Release|Android
		Release|iOS = Release|iOS
		Release|Windows-ARM = Release|Windows-ARM
		Release|Windows-x64 = Release|Windows-x64
		Release|Windows-x86 = Release|Windows-x86
	EndGlobalSection
	GlobalSection(ProjectConfigurationPlatforms) = postSolution
		{ABAEBB66-70A6-47BE-9892-BA5A6DBD1EBE}.Debug|Android.ActiveCfg = Debug|Android
		{ABAEBB66-70A6-47BE-9892-BA5A6DBD1EBE}.Debug|Android.Build.0 = Debug|Android
		{ABAEBB66-70A6-47BE-9892-BA5A6DBD1EBE}.Debug|Android.Deploy.0 = Debug|Android
		{ABAEBB66-70A6-47BE-9892-BA5A6DBD1EBE}.Debug|iOS.ActiveCfg = Debug|iOS
		{ABAEBB66-70A6-47BE-9892-BA5A6DBD1EBE}.Debug|iOS.Build.0 = Debug|iOS
		{ABAEBB66-70A6-47BE-9892-BA5A6DBD1EBE}.Debug|iOS.Deploy.0 = Debug|iOS
		{ABAEBB66-70A6-47BE-9892-BA5A6DBD1EBE}.Debug|Windows-ARM.ActiveCfg = Debug|Windows-ARM
		{ABAEBB66-70A6-47BE-9892-BA5A6DBD1EBE}.Debug|Windows-ARM.Build.0 = Debug|Windows-ARM
		{ABAEBB66-70A6-47BE-9892-BA5A6DBD1EBE}.Debug|Windows-ARM.Deploy.0 = Debug|Windows-ARM
		{ABAEBB66-70A6-47BE-9892-BA5A6DBD1EBE}.Debug|Windows-x64.ActiveCfg = Debug|Windows-x64
		{ABAEBB66-70A6-47BE-9892-BA5A6DBD1EBE}.Debug|Windows-x64.Build.0 = Debug|Windows-x64
		{ABAEBB66-70A6-47BE-9892-BA5A6DBD1EBE}.Debug|Windows-x64.Deploy.0 = Debug|Windows-x64
		{ABAEBB66-70A6-47BE-9892-BA5A6DBD1EBE}.Debug|Windows-x86.ActiveCfg = Debug|Windows-x86
		{ABAEBB66-70A6-47BE-9892-BA5A6DBD1EBE}.Debug|Windows-x86.Build.0 = Debug|Windows-x86
		{ABAEBB66-70A6-47BE-9892-BA5A6DBD1EBE}.Debug|Windows-x86.Deploy.0 = Debug|Windows-x86
		{ABAEBB66-70A6-47BE-9892-BA5A6DBD1EBE}.Release|Android.ActiveCfg = Release|Android
		{ABAEBB66-70A6-47BE-9892-BA5A6DBD1EBE}.Release|Android.Build.0 = Release|Android
		{ABAEBB66-70A6-47BE-9892-BA5A6DBD1EBE}.Release|Android.Deploy.0 = Release|Android
		{ABAEBB66-70A6-47BE-9892-BA5A6DBD1EBE}.Release|iOS.ActiveCfg = Release|iOS
		{ABAEBB66-70A6-47BE-9892-BA5A6DBD1EBE}.Release|iOS.Build.0 = Release|iOS
		{ABAEBB66-70A6-47BE-9892-BA5A6DBD1EBE}.Release|iOS.Deploy.0 = Release|iOS
		{ABAEBB66-70A6-47BE-9892-BA5A6DBD1EBE}.Release|Windows-ARM.ActiveCfg = Release|Windows-ARM
		{ABAEBB66-70A6-47BE-9892-BA5A6DBD1EBE}.Release|Windows-ARM.Build.0 = Release|Windows-ARM
		{ABAEBB66-70A6-47BE-9892-BA5A6DBD1EBE}.Release|Windows-ARM.Deploy.0 = Release|Windows-ARM
		{ABAEBB66-70A6-47BE-9892-BA5A6DBD1EBE}.Release|Windows-x64.ActiveCfg = Release|Windows-x64
		{ABAEBB66-70A6-47BE-9892-BA5A6DBD1EBE}.Release|Windows-x64.Build.0 = Release|Windows-x64
		{ABAEBB66-70A6-47BE-9892-BA5A6DBD1EBE}.Release|Windows-x64.Deploy.0 = Release|Windows-x64
		{ABAEBB66-70A6-47BE-9892-BA5A6DBD1EBE}.Release|Windows-x86.ActiveCfg = Release|Windows-x86
		{ABAEBB66-70A6-47BE-9892-BA5A6DBD1EBE}.Release|Windows-x86.Build.0 = Release|Windows-x86
		{ABAEBB66-70A6-47BE-9892-BA5A6DBD1EBE}.Release|Windows-x86.Deploy.0 = Release|Windows-x86
	EndGlobalSection
	GlobalSection(SolutionProperties) = preSolution
		HideSolutionNode = FALSE
	EndGlobalSection
	GlobalSection(ExtensibilityGlobals) = postSolution
		SolutionGuid = {F17D99B9-A538-45CD-B9E6-78667C065EFC}
	EndGlobalSection
EndGlobal
